
Microsoft Visual Studio Solution File, Format Version 12.00
# Visual Studio 2012
Project("{FAE04EC0-301F-11D3-BF4B-00C04F79EFBC}") = "QuopEcho", "QuopEcho.csproj", "{30A8FC0A-20BC-418F-9EBC-8EFC6A1CFE2C}"
EndProject
Project("{FAE04EC0-301F-11D3-BF4B-00C04F79EFBC}") = "NPi", "..\npi\NPi.csproj", "{09A22B28-FFF4-4DF1-827D-7AA8F1666937}"
EndProject
Global
	GlobalSection(SolutionConfigurationPlatforms) = preSolution
		Debug|Any CPU = Debug|Any CPU
		Release|Any CPU = Release|Any CPU
	EndGlobalSection
	GlobalSection(ProjectConfigurationPlatforms) = postSolution
		{30A8FC0A-20BC-418F-9EBC-8EFC6A1CFE2C}.Debug|Any CPU.ActiveCfg = Debug|Any CPU
		{30A8FC0A-20BC-418F-9EBC-8EFC6A1CFE2C}.Debug|Any CPU.Build.0 = Debug|Any CPU
		{30A8FC0A-20BC-418F-9EBC-8EFC6A1CFE2C}.Release|Any CPU.ActiveCfg = Release|Any CPU
		{30A8FC0A-20BC-418F-9EBC-8EFC6A1CFE2C}.Release|Any CPU.Build.0 = Release|Any CPU
		{09A22B28-FFF4-4DF1-827D-7AA8F1666937}.Debug|Any CPU.ActiveCfg = Debug|Any CPU
		{09A22B28-FFF4-4DF1-827D-7AA8F1666937}.Debug|Any CPU.Build.0 = Debug|Any CPU
		{09A22B28-FFF4-4DF1-827D-7AA8F1666937}.Release|Any CPU.ActiveCfg = Release|Any CPU
		{09A22B28-FFF4-4DF1-827D-7AA8F1666937}.Release|Any CPU.Build.0 = Release|Any CPU
	EndGlobalSection
	GlobalSection(SolutionProperties) = preSolution
		HideSolutionNode = FALSE
	EndGlobalSection
EndGlobal
